
Microsoft Visual Studio Solution File, Format Version 12.00
# Visual Studio Version 17
VisualStudioVersion = 17.5.33516.290
MinimumVisualStudioVersion = 10.0.40219.1
Project("{888888A0-9F3D-457C-B088-3A5042F75D52}") = "angry bird", "angry bird.pyproj", "{5D752178-07C0-421D-A79A-7E06968DDDEB}"
EndProject
Global
	GlobalSection(SolutionConfigurationPlatforms) = preSolution
		Debug|Any CPU = Debug|Any CPU
		Release|Any CPU = Release|Any CPU
	EndGlobalSection
	GlobalSection(ProjectConfigurationPlatforms) = postSolution
		{5D752178-07C0-421D-A79A-7E06968DDDEB}.Debug|Any CPU.ActiveCfg = Debug|Any CPU
		{5D752178-07C0-421D-A79A-7E06968DDDEB}.Release|Any CPU.ActiveCfg = Release|Any CPU
	EndGlobalSection
	GlobalSection(SolutionProperties) = preSolution
		HideSolutionNode = FALSE
	EndGlobalSection
	GlobalSection(ExtensibilityGlobals) = postSolution
		SolutionGuid = {BDADBB50-A49E-4A6D-B637-E3B8079FCB6C}
	EndGlobalSection
EndGlobal
